PODS:
  - ProgressHUD (2.60)
  - RGBankAccountLib (0.0.1)

DEPENDENCIES:
  - ProgressHUD (from `https://github.com/relatedcode/ProgressHUD.git`)
  - RGBankAccountLib (from `../RGBankAccountLib`)

EXTERNAL SOURCES:
  ProgressHUD:
    :git: https://github.com/relatedcode/ProgressHUD.git
  RGBankAccountLib:
    :path: "../RGBankAccountLib"

CHECKOUT OPTIONS:
  ProgressHUD:
    :commit: 6fff548ce8f1d86dea26ace6628b79fce38efa16
    :git: https://github.com/relatedcode/ProgressHUD.git

SPEC CHECKSUMS:
  ProgressHUD: 4e4efbaf4f5de8bd32e0c4c3b6644a90ea1a8c3e
  RGBankAccountLib: e71f3acb425fed1d845cbe7676afc3b1926f5571

PODFILE CHECKSUM: 77be938eab66a79415ca0b61973a53f26f1559d9

COCOAPODS: 1.5.3
